
Microsoft Visual Studio Solution File, Format Version 12.00
# Visual Studio Version 17
VisualStudioVersion = 17.5.002.0
MinimumVisualStudioVersion = 10.0.40219.1
Project("{9A19103F-16F7-4668-BE54-9A1E7A4F7556}") = "DotNetCoreAPI", "DotNetCoreAPI\DotNetCoreAPI.csproj", "{B747D7CF-4906-4BB7-8403-B4F841DCE8BD}"
EndProject
Global
	GlobalSection(SolutionConfigurationPlatforms) = preSolution
		Debug|Any CPU = Debug|Any CPU
		Release|Any CPU = Release|Any CPU
	EndGlobalSection
	GlobalSection(ProjectConfigurationPlatforms) = postSolution
		{B747D7CF-4906-4BB7-8403-B4F841DCE8BD}.Debug|Any CPU.ActiveCfg = Debug|Any CPU
		{B747D7CF-4906-4BB7-8403-B4F841DCE8BD}.Debug|Any CPU.Build.0 = Debug|Any CPU
		{B747D7CF-4906-4BB7-8403-B4F841DCE8BD}.Release|Any CPU.ActiveCfg = Release|Any CPU
		{B747D7CF-4906-4BB7-8403-B4F841DCE8BD}.Release|Any CPU.Build.0 = Release|Any CPU
	EndGlobalSection
	GlobalSection(SolutionProperties) = preSolution
		HideSolutionNode = FALSE
	EndGlobalSection
	GlobalSection(ExtensibilityGlobals) = postSolution
		SolutionGuid = {45CAC915-E7F3-4A65-8A0B-C0F80A7F6ADA}
	EndGlobalSection
EndGlobal
